
Microsoft Visual Studio Solution File, Format Version 12.00
# Visual Studio Version 17
VisualStudioVersion = 17.5.33424.131
MinimumVisualStudioVersion = 10.0.40219.1
Project("{9A19103F-16F7-4668-BE54-9A1E7A4F7556}") = "Api.Tim", "Api.Tim\Api.Tim.csproj", "{AF526317-1331-432C-A41D-F2EE081ACC7B}"
EndProject
Project("{9A19103F-16F7-4668-BE54-9A1E7A4F7556}") = "Api.JpoOdeTim", "Api.JpoOdeTim\Api.JpoOdeTim.csproj", "{BD8F0D7B-70CB-4172-8625-F95095B00061}"
EndProject
Project("{9A19103F-16F7-4668-BE54-9A1E7A4F7556}") = "Models.Tim", "Models.Tim\Models.Tim.csproj", "{48A36DDC-8B56-4A6D-B7F6-42EEEDD90E8A}"
EndProject
Project("{9A19103F-16F7-4668-BE54-9A1E7A4F7556}") = "Repository.TimService", "Repository.TimService\Repository.TimService.csproj", "{77463415-D2DB-49CE-84AB-A0F82CFD3381}"
EndProject
Project("{9A19103F-16F7-4668-BE54-9A1E7A4F7556}") = "Services.TimService", "Services.TimService\Services.TimService.csproj", "{1808609C-BC0E-4E91-9DC5-7C3C23B9D18B}"
EndProject
Project("{9A19103F-16F7-4668-BE54-9A1E7A4F7556}") = "Worker.TimService", "Worker.TimService\Worker.TimService.csproj", "{7E2C43BC-871A-4CE6-ADB5-216E4E04B064}"
EndProject
Project("{2150E333-8FDC-42A3-9474-1A3956D46DE8}") = "common", "common", "{C801C3ED-490F-4B82-8A12-B8286C5EE906}"
EndProject
Project("{9A19103F-16F7-4668-BE54-9A1E7A4F7556}") = "Messaging", "common\Messaging\Messaging.csproj", "{043F1909-C6BF-4A13-AF91-883601DF7EA3}"
EndProject
Project("{9A19103F-16F7-4668-BE54-9A1E7A4F7556}") = "Persistence.Common", "common\Persistence.Common\Persistence.Common.csproj", "{C3838FED-32A0-489E-9DEA-00B9DEBCD922}"
EndProject
Project("{9A19103F-16F7-4668-BE54-9A1E7A4F7556}") = "Persistence.Mongo", "common\Persistence.Mongo\Persistence.Mongo.csproj", "{98EB36AD-1E2E-49CC-A78A-131801D477D3}"
EndProject
Project("{2150E333-8FDC-42A3-9474-1A3956D46DE8}") = "entities", "entities", "{3679C6B7-5FB3-4B51-9FEF-0CD402F62FDC}"
EndProject
Project("{2150E333-8FDC-42A3-9474-1A3956D46DE8}") = "status", "status", "{B27119D6-A598-470D-99BA-B89F020BEAF5}"
EndProject
Project("{9A19103F-16F7-4668-BE54-9A1E7A4F7556}") = "Status.Signal", "status\Status.Signal\Status.Signal.csproj", "{0FA711EB-87C6-4CBD-B644-E3BFC56DAECA}"
EndProject
Project("{9A19103F-16F7-4668-BE54-9A1E7A4F7556}") = "Status.Common", "status\Status.Common\Status.Common.csproj", "{363E0671-4C5A-4EE5-A804-D8BC5143C209}"
EndProject
Project("{9A19103F-16F7-4668-BE54-9A1E7A4F7556}") = "Serialization", "common\Serialization\Serialization.csproj", "{3CD753D7-194B-4F05-851A-6C799AA8DCF7}"
EndProject
Project("{9A19103F-16F7-4668-BE54-9A1E7A4F7556}") = "Models.Entities", "entities\Models.Entities\Models.Entities.csproj", "{4A818C11-793A-42C0-8B0D-FA1BF3506313}"
EndProject
Project("{9A19103F-16F7-4668-BE54-9A1E7A4F7556}") = "Authorization", "common\Authorization\Authorization.csproj", "{0C9010EC-4895-4982-9A1A-4A61B1BA208D}"
EndProject
Project("{9A19103F-16F7-4668-BE54-9A1E7A4F7556}") = "Extensions", "common\Extensions\Extensions.csproj", "{57FB215B-386A-4E14-BEA5-BCB8C035192E}"
EndProject
Project("{9A19103F-16F7-4668-BE54-9A1E7A4F7556}") = "Auditing", "common\Auditing\Auditing.csproj", "{66DB1623-2C53-4017-BB14-9C01103E0E6B}"
EndProject
Project("{9A19103F-16F7-4668-BE54-9A1E7A4F7556}") = "Monitoring.HealthChecks.Kafka", "common\Monitoring.HealthChecks.Kafka\Monitoring.HealthChecks.Kafka.csproj", "{4AA911F8-6853-4612-92B4-B44DF5CCDE8F}"
EndProject
Project("{9A19103F-16F7-4668-BE54-9A1E7A4F7556}") = "Monitoring.HealthChecks.Mongo", "common\Monitoring.HealthChecks.Mongo\Monitoring.HealthChecks.Mongo.csproj", "{6FF38B57-7A09-4B32-99DD-170ED5BABF13}"
EndProject
Project("{9A19103F-16F7-4668-BE54-9A1E7A4F7556}") = "Monitoring", "common\Monitoring\Monitoring.csproj", "{5C6C1EA3-E3E6-40E2-8C7E-6AF157FAE5F4}"
EndProject
Project("{9A19103F-16F7-4668-BE54-9A1E7A4F7556}") = "Monitoring.AspNet", "common\Monitoring.AspNet\Monitoring.AspNet.csproj", "{DFDE4F0E-DEB6-4F0D-B61A-D047BB928747}"
EndProject
Project("{2150E333-8FDC-42A3-9474-1A3956D46DE8}") = "config", "config", "{0634DD43-D8E5-4E40-8BE4-A60DB510B160}"
EndProject
Project("{FAE04EC0-301F-11D3-BF4B-00C04F79EFBC}") = "Config", "config\Config\Config.csproj", "{52C61236-2FAA-44C2-B57E-AEF21300963C}"
EndProject
Project("{2150E333-8FDC-42A3-9474-1A3956D46DE8}") = "rsu", "rsu", "{C700A11A-3AE5-470A-81BB-BFAEE05266BB}"
EndProject
Project("{FAE04EC0-301F-11D3-BF4B-00C04F79EFBC}") = "Models.Rsu", "rsu\Models.Rsu\Models.Rsu.csproj", "{BFBAA960-4AF6-41AA-8E0A-799005817814}"
EndProject
Project("{FAE04EC0-301F-11D3-BF4B-00C04F79EFBC}") = "Status.Rsu", "status\Status.Rsu\Status.Rsu.csproj", "{42BD8746-2FF0-4A47-8E05-0B4AE55CD0D9}"
EndProject
Project("{FAE04EC0-301F-11D3-BF4B-00C04F79EFBC}") = "Commands.Rsu.Messaging", "rsu\Commands.Rsu.Messaging\Commands.Rsu.Messaging.csproj", "{6ADDBAB6-B649-466B-98BD-57E1CF1F0CDE}"
EndProject
Project("{2150E333-8FDC-42A3-9474-1A3956D46DE8}") = "logic-statements", "logic-statements", "{6C33634C-EBAC-413F-8211-B5BB65605A12}"
EndProject
Project("{FAE04EC0-301F-11D3-BF4B-00C04F79EFBC}") = "Router.ActionSet.Messaging", "logic-statements\Router.ActionSet.Messaging\Router.ActionSet.Messaging.csproj", "{44571672-F6E3-4882-9E1F-EE44246A1C67}"
EndProject
Project("{FAE04EC0-301F-11D3-BF4B-00C04F79EFBC}") = "Scheduler.Base", "common\Scheduler.Base\Scheduler.Base.csproj", "{F5DED006-A4C0-4D0F-B179-F67C98F46697}"
EndProject
Project("{FAE04EC0-301F-11D3-BF4B-00C04F79EFBC}") = "Models.Tim.Test", "Models.Tim.Test\Models.Tim.Test.csproj", "{C91F39E8-2327-4A43-807C-630954811FAA}"
EndProject
Global
	GlobalSection(SolutionConfigurationPlatforms) = preSolution
		Debug|Any CPU = Debug|Any CPU
		Release|Any CPU = Release|Any CPU
	EndGlobalSection
	GlobalSection(ProjectConfigurationPlatforms) = postSolution
		{AF526317-1331-432C-A41D-F2EE081ACC7B}.Debug|Any CPU.ActiveCfg = Debug|Any CPU
		{AF526317-1331-432C-A41D-F2EE081ACC7B}.Debug|Any CPU.Build.0 = Debug|Any CPU
		{AF526317-1331-432C-A41D-F2EE081ACC7B}.Release|Any CPU.ActiveCfg = Release|Any CPU
		{AF526317-1331-432C-A41D-F2EE081ACC7B}.Release|Any CPU.Build.0 = Release|Any CPU
		{BD8F0D7B-70CB-4172-8625-F95095B00061}.Debug|Any CPU.ActiveCfg = Debug|Any CPU
		{BD8F0D7B-70CB-4172-8625-F95095B00061}.Debug|Any CPU.Build.0 = Debug|Any CPU
		{BD8F0D7B-70CB-4172-8625-F95095B00061}.Release|Any CPU.ActiveCfg = Release|Any CPU
		{BD8F0D7B-70CB-4172-8625-F95095B00061}.Release|Any CPU.Build.0 = Release|Any CPU
		{48A36DDC-8B56-4A6D-B7F6-42EEEDD90E8A}.Debug|Any CPU.ActiveCfg = Debug|Any CPU
		{48A36DDC-8B56-4A6D-B7F6-42EEEDD90E8A}.Debug|Any CPU.Build.0 = Debug|Any CPU
		{48A36DDC-8B56-4A6D-B7F6-42EEEDD90E8A}.Release|Any CPU.ActiveCfg = Release|Any CPU
		{48A36DDC-8B56-4A6D-B7F6-42EEEDD90E8A}.Release|Any CPU.Build.0 = Release|Any CPU
		{77463415-D2DB-49CE-84AB-A0F82CFD3381}.Debug|Any CPU.ActiveCfg = Debug|Any CPU
		{77463415-D2DB-49CE-84AB-A0F82CFD3381}.Debug|Any CPU.Build.0 = Debug|Any CPU
		{77463415-D2DB-49CE-84AB-A0F82CFD3381}.Release|Any CPU.ActiveCfg = Release|Any CPU
		{77463415-D2DB-49CE-84AB-A0F82CFD3381}.Release|Any CPU.Build.0 = Release|Any CPU
		{1808609C-BC0E-4E91-9DC5-7C3C23B9D18B}.Debug|Any CPU.ActiveCfg = Debug|Any CPU
		{1808609C-BC0E-4E91-9DC5-7C3C23B9D18B}.Debug|Any CPU.Build.0 = Debug|Any CPU
		{1808609C-BC0E-4E91-9DC5-7C3C23B9D18B}.Release|Any CPU.ActiveCfg = Release|Any CPU
		{1808609C-BC0E-4E91-9DC5-7C3C23B9D18B}.Release|Any CPU.Build.0 = Release|Any CPU
		{7E2C43BC-871A-4CE6-ADB5-216E4E04B064}.Debug|Any CPU.ActiveCfg = Debug|Any CPU
		{7E2C43BC-871A-4CE6-ADB5-216E4E04B064}.Debug|Any CPU.Build.0 = Debug|Any CPU
		{7E2C43BC-871A-4CE6-ADB5-216E4E04B064}.Release|Any CPU.ActiveCfg = Release|Any CPU
		{7E2C43BC-871A-4CE6-ADB5-216E4E04B064}.Release|Any CPU.Build.0 = Release|Any CPU
		{043F1909-C6BF-4A13-AF91-883601DF7EA3}.Debug|Any CPU.ActiveCfg = Debug|Any CPU
		{043F1909-C6BF-4A13-AF91-883601DF7EA3}.Debug|Any CPU.Build.0 = Debug|Any CPU
		{043F1909-C6BF-4A13-AF91-883601DF7EA3}.Release|Any CPU.ActiveCfg = Release|Any CPU
		{043F1909-C6BF-4A13-AF91-883601DF7EA3}.Release|Any CPU.Build.0 = Release|Any CPU
		{C3838FED-32A0-489E-9DEA-00B9DEBCD922}.Debug|Any CPU.ActiveCfg = Debug|Any CPU
		{C3838FED-32A0-489E-9DEA-00B9DEBCD922}.Debug|Any CPU.Build.0 = Debug|Any CPU
		{C3838FED-32A0-489E-9DEA-00B9DEBCD922}.Release|Any CPU.ActiveCfg = Release|Any CPU
		{C3838FED-32A0-489E-9DEA-00B9DEBCD922}.Release|Any CPU.Build.0 = Release|Any CPU
		{98EB36AD-1E2E-49CC-A78A-131801D477D3}.Debug|Any CPU.ActiveCfg = Debug|Any CPU
		{98EB36AD-1E2E-49CC-A78A-131801D477D3}.Debug|Any CPU.Build.0 = Debug|Any CPU
		{98EB36AD-1E2E-49CC-A78A-131801D477D3}.Release|Any CPU.ActiveCfg = Release|Any CPU
		{98EB36AD-1E2E-49CC-A78A-131801D477D3}.Release|Any CPU.Build.0 = Release|Any CPU
		{0FA711EB-87C6-4CBD-B644-E3BFC56DAECA}.Debug|Any CPU.ActiveCfg = Debug|Any CPU
		{0FA711EB-87C6-4CBD-B644-E3BFC56DAECA}.Debug|Any CPU.Build.0 = Debug|Any CPU
		{0FA711EB-87C6-4CBD-B644-E3BFC56DAECA}.Release|Any CPU.ActiveCfg = Release|Any CPU
		{0FA711EB-87C6-4CBD-B644-E3BFC56DAECA}.Release|Any CPU.Build.0 = Release|Any CPU
		{363E0671-4C5A-4EE5-A804-D8BC5143C209}.Debug|Any CPU.ActiveCfg = Debug|Any CPU
		{363E0671-4C5A-4EE5-A804-D8BC5143C209}.Debug|Any CPU.Build.0 = Debug|Any CPU
		{363E0671-4C5A-4EE5-A804-D8BC5143C209}.Release|Any CPU.ActiveCfg = Release|Any CPU
		{363E0671-4C5A-4EE5-A804-D8BC5143C209}.Release|Any CPU.Build.0 = Release|Any CPU
		{3CD753D7-194B-4F05-851A-6C799AA8DCF7}.Debug|Any CPU.ActiveCfg = Debug|Any CPU
		{3CD753D7-194B-4F05-851A-6C799AA8DCF7}.Debug|Any CPU.Build.0 = Debug|Any CPU
		{3CD753D7-194B-4F05-851A-6C799AA8DCF7}.Release|Any CPU.ActiveCfg = Release|Any CPU
		{3CD753D7-194B-4F05-851A-6C799AA8DCF7}.Release|Any CPU.Build.0 = Release|Any CPU
		{4A818C11-793A-42C0-8B0D-FA1BF3506313}.Debug|Any CPU.ActiveCfg = Debug|Any CPU
		{4A818C11-793A-42C0-8B0D-FA1BF3506313}.Debug|Any CPU.Build.0 = Debug|Any CPU
		{4A818C11-793A-42C0-8B0D-FA1BF3506313}.Release|Any CPU.ActiveCfg = Release|Any CPU
		{4A818C11-793A-42C0-8B0D-FA1BF3506313}.Release|Any CPU.Build.0 = Release|Any CPU
		{0C9010EC-4895-4982-9A1A-4A61B1BA208D}.Debug|Any CPU.ActiveCfg = Debug|Any CPU
		{0C9010EC-4895-4982-9A1A-4A61B1BA208D}.Debug|Any CPU.Build.0 = Debug|Any CPU
		{0C9010EC-4895-4982-9A1A-4A61B1BA208D}.Release|Any CPU.ActiveCfg = Release|Any CPU
		{0C9010EC-4895-4982-9A1A-4A61B1BA208D}.Release|Any CPU.Build.0 = Release|Any CPU
		{57FB215B-386A-4E14-BEA5-BCB8C035192E}.Debug|Any CPU.ActiveCfg = Debug|Any CPU
		{57FB215B-386A-4E14-BEA5-BCB8C035192E}.Debug|Any CPU.Build.0 = Debug|Any CPU
		{57FB215B-386A-4E14-BEA5-BCB8C035192E}.Release|Any CPU.ActiveCfg = Release|Any CPU
		{57FB215B-386A-4E14-BEA5-BCB8C035192E}.Release|Any CPU.Build.0 = Release|Any CPU
		{66DB1623-2C53-4017-BB14-9C01103E0E6B}.Debug|Any CPU.ActiveCfg = Debug|Any CPU
		{66DB1623-2C53-4017-BB14-9C01103E0E6B}.Debug|Any CPU.Build.0 = Debug|Any CPU
		{66DB1623-2C53-4017-BB14-9C01103E0E6B}.Release|Any CPU.ActiveCfg = Release|Any CPU
		{66DB1623-2C53-4017-BB14-9C01103E0E6B}.Release|Any CPU.Build.0 = Release|Any CPU
		{4AA911F8-6853-4612-92B4-B44DF5CCDE8F}.Debug|Any CPU.ActiveCfg = Debug|Any CPU
		{4AA911F8-6853-4612-92B4-B44DF5CCDE8F}.Debug|Any CPU.Build.0 = Debug|Any CPU
		{4AA911F8-6853-4612-92B4-B44DF5CCDE8F}.Release|Any CPU.ActiveCfg = Release|Any CPU
		{4AA911F8-6853-4612-92B4-B44DF5CCDE8F}.Release|Any CPU.Build.0 = Release|Any CPU
		{6FF38B57-7A09-4B32-99DD-170ED5BABF13}.Debug|Any CPU.ActiveCfg = Debug|Any CPU
		{6FF38B57-7A09-4B32-99DD-170ED5BABF13}.Debug|Any CPU.Build.0 = Debug|Any CPU
		{6FF38B57-7A09-4B32-99DD-170ED5BABF13}.Release|Any CPU.ActiveCfg = Release|Any CPU
		{6FF38B57-7A09-4B32-99DD-170ED5BABF13}.Release|Any CPU.Build.0 = Release|Any CPU
		{5C6C1EA3-E3E6-40E2-8C7E-6AF157FAE5F4}.Debug|Any CPU.ActiveCfg = Debug|Any CPU
		{5C6C1EA3-E3E6-40E2-8C7E-6AF157FAE5F4}.Debug|Any CPU.Build.0 = Debug|Any CPU
		{5C6C1EA3-E3E6-40E2-8C7E-6AF157FAE5F4}.Release|Any CPU.ActiveCfg = Release|Any CPU
		{5C6C1EA3-E3E6-40E2-8C7E-6AF157FAE5F4}.Release|Any CPU.Build.0 = Release|Any CPU
		{DFDE4F0E-DEB6-4F0D-B61A-D047BB928747}.Debug|Any CPU.ActiveCfg = Debug|Any CPU
		{DFDE4F0E-DEB6-4F0D-B61A-D047BB928747}.Debug|Any CPU.Build.0 = Debug|Any CPU
		{DFDE4F0E-DEB6-4F0D-B61A-D047BB928747}.Release|Any CPU.ActiveCfg = Release|Any CPU
		{DFDE4F0E-DEB6-4F0D-B61A-D047BB928747}.Release|Any CPU.Build.0 = Release|Any CPU
		{52C61236-2FAA-44C2-B57E-AEF21300963C}.Debug|Any CPU.ActiveCfg = Debug|Any CPU
		{52C61236-2FAA-44C2-B57E-AEF21300963C}.Debug|Any CPU.Build.0 = Debug|Any CPU
		{52C61236-2FAA-44C2-B57E-AEF21300963C}.Release|Any CPU.ActiveCfg = Release|Any CPU
		{52C61236-2FAA-44C2-B57E-AEF21300963C}.Release|Any CPU.Build.0 = Release|Any CPU
		{BFBAA960-4AF6-41AA-8E0A-799005817814}.Debug|Any CPU.ActiveCfg = Debug|Any CPU
		{BFBAA960-4AF6-41AA-8E0A-799005817814}.Debug|Any CPU.Build.0 = Debug|Any CPU
		{BFBAA960-4AF6-41AA-8E0A-799005817814}.Release|Any CPU.ActiveCfg = Release|Any CPU
		{BFBAA960-4AF6-41AA-8E0A-799005817814}.Release|Any CPU.Build.0 = Release|Any CPU
		{42BD8746-2FF0-4A47-8E05-0B4AE55CD0D9}.Debug|Any CPU.ActiveCfg = Debug|Any CPU
		{42BD8746-2FF0-4A47-8E05-0B4AE55CD0D9}.Debug|Any CPU.Build.0 = Debug|Any CPU
		{42BD8746-2FF0-4A47-8E05-0B4AE55CD0D9}.Release|Any CPU.ActiveCfg = Release|Any CPU
		{42BD8746-2FF0-4A47-8E05-0B4AE55CD0D9}.Release|Any CPU.Build.0 = Release|Any CPU
		{6ADDBAB6-B649-466B-98BD-57E1CF1F0CDE}.Debug|Any CPU.ActiveCfg = Debug|Any CPU
		{6ADDBAB6-B649-466B-98BD-57E1CF1F0CDE}.Debug|Any CPU.Build.0 = Debug|Any CPU
		{6ADDBAB6-B649-466B-98BD-57E1CF1F0CDE}.Release|Any CPU.ActiveCfg = Release|Any CPU
		{6ADDBAB6-B649-466B-98BD-57E1CF1F0CDE}.Release|Any CPU.Build.0 = Release|Any CPU
		{44571672-F6E3-4882-9E1F-EE44246A1C67}.Debug|Any CPU.ActiveCfg = Debug|Any CPU
		{44571672-F6E3-4882-9E1F-EE44246A1C67}.Debug|Any CPU.Build.0 = Debug|Any CPU
		{44571672-F6E3-4882-9E1F-EE44246A1C67}.Release|Any CPU.ActiveCfg = Release|Any CPU
		{44571672-F6E3-4882-9E1F-EE44246A1C67}.Release|Any CPU.Build.0 = Release|Any CPU
		{F5DED006-A4C0-4D0F-B179-F67C98F46697}.Debug|Any CPU.ActiveCfg = Debug|Any CPU
		{F5DED006-A4C0-4D0F-B179-F67C98F46697}.Debug|Any CPU.Build.0 = Debug|Any CPU
		{F5DED006-A4C0-4D0F-B179-F67C98F46697}.Release|Any CPU.ActiveCfg = Release|Any CPU
		{F5DED006-A4C0-4D0F-B179-F67C98F46697}.Release|Any CPU.Build.0 = Release|Any CPU
		{C91F39E8-2327-4A43-807C-630954811FAA}.Debug|Any CPU.ActiveCfg = Debug|Any CPU
		{C91F39E8-2327-4A43-807C-630954811FAA}.Debug|Any CPU.Build.0 = Debug|Any CPU
		{C91F39E8-2327-4A43-807C-630954811FAA}.Release|Any CPU.ActiveCfg = Release|Any CPU
		{C91F39E8-2327-4A43-807C-630954811FAA}.Release|Any CPU.Build.0 = Release|Any CPU
	EndGlobalSection
	GlobalSection(SolutionProperties) = preSolution
		HideSolutionNode = FALSE
	EndGlobalSection
	GlobalSection(NestedProjects) = preSolution
		{043F1909-C6BF-4A13-AF91-883601DF7EA3} = {C801C3ED-490F-4B82-8A12-B8286C5EE906}
		{C3838FED-32A0-489E-9DEA-00B9DEBCD922} = {C801C3ED-490F-4B82-8A12-B8286C5EE906}
		{98EB36AD-1E2E-49CC-A78A-131801D477D3} = {C801C3ED-490F-4B82-8A12-B8286C5EE906}
		{0FA711EB-87C6-4CBD-B644-E3BFC56DAECA} = {B27119D6-A598-470D-99BA-B89F020BEAF5}
		{363E0671-4C5A-4EE5-A804-D8BC5143C209} = {B27119D6-A598-470D-99BA-B89F020BEAF5}
		{3CD753D7-194B-4F05-851A-6C799AA8DCF7} = {C801C3ED-490F-4B82-8A12-B8286C5EE906}
		{0FA711EB-87C6-4CBD-B644-E3BFC56DAECA} = {B27119D6-A598-470D-99BA-B89F020BEAF5}
		{363E0671-4C5A-4EE5-A804-D8BC5143C209} = {B27119D6-A598-470D-99BA-B89F020BEAF5}
		{3CD753D7-194B-4F05-851A-6C799AA8DCF7} = {C801C3ED-490F-4B82-8A12-B8286C5EE906}
		{4A818C11-793A-42C0-8B0D-FA1BF3506313} = {3679C6B7-5FB3-4B51-9FEF-0CD402F62FDC}
		{0C9010EC-4895-4982-9A1A-4A61B1BA208D} = {C801C3ED-490F-4B82-8A12-B8286C5EE906}
		{57FB215B-386A-4E14-BEA5-BCB8C035192E} = {C801C3ED-490F-4B82-8A12-B8286C5EE906}
		{66DB1623-2C53-4017-BB14-9C01103E0E6B} = {C801C3ED-490F-4B82-8A12-B8286C5EE906}
		{4AA911F8-6853-4612-92B4-B44DF5CCDE8F} = {C801C3ED-490F-4B82-8A12-B8286C5EE906}
		{6FF38B57-7A09-4B32-99DD-170ED5BABF13} = {C801C3ED-490F-4B82-8A12-B8286C5EE906}
		{5C6C1EA3-E3E6-40E2-8C7E-6AF157FAE5F4} = {C801C3ED-490F-4B82-8A12-B8286C5EE906}
		{DFDE4F0E-DEB6-4F0D-B61A-D047BB928747} = {C801C3ED-490F-4B82-8A12-B8286C5EE906}
		{52C61236-2FAA-44C2-B57E-AEF21300963C} = {0634DD43-D8E5-4E40-8BE4-A60DB510B160}
		{BFBAA960-4AF6-41AA-8E0A-799005817814} = {C700A11A-3AE5-470A-81BB-BFAEE05266BB}
		{42BD8746-2FF0-4A47-8E05-0B4AE55CD0D9} = {B27119D6-A598-470D-99BA-B89F020BEAF5}
		{6ADDBAB6-B649-466B-98BD-57E1CF1F0CDE} = {C700A11A-3AE5-470A-81BB-BFAEE05266BB}
		{44571672-F6E3-4882-9E1F-EE44246A1C67} = {6C33634C-EBAC-413F-8211-B5BB65605A12}
		{F5DED006-A4C0-4D0F-B179-F67C98F46697} = {C801C3ED-490F-4B82-8A12-B8286C5EE906}
	EndGlobalSection
	GlobalSection(ExtensibilityGlobals) = postSolution
		SolutionGuid = {2CE399B7-AF0F-49CB-8797-7AB7AF960A99}
	EndGlobalSection
EndGlobal
